# This file is autogenerated, do not edit; changes may be undone by the next 'dep ensure'.


[[projects]]
  branch = "master"
  name = "github.com/Unknwon/log"
  packages = ["."]
  revision = "e617c87089d3ff2ae05098eac8c9386069cd8461"

[[projects]]
  branch = "v2"
  name = "gopkg.in/urfave/cli.v2"
  packages = ["."]
  revision = "50a0fdeea6330854c7b05371cce1fac8c7e636d2"

[solve-meta]
  analyzer-name = "dep"
  analyzer-version = 1
  inputs-digest = "7e22c7fcd676a2ffc5620fa511ebffeb495bd1e39ea8d6a15b30f5bdc1a6b72f"
  solver-name = "gps-cdcl"
  solver-version = 1
